
Microsoft Visual Studio Solution File, Format Version 12.00
# Visual Studio Version 17
VisualStudioVersion = 17.7.34031.279
MinimumVisualStudioVersion = 10.0.40219.1
Project("{FAE04EC0-301F-11D3-BF4B-00C04F79EFBC}") = "WindowsFormsApp1", "WindowsFormsApp1\WindowsFormsApp1.csproj", "{B151797A-C3A2-4571-909D-04EDCD3CDF27}"
EndProject
Global
	GlobalSection(SolutionConfigurationPlatforms) = preSolution
		Debug|Any CPU = Debug|Any CPU
		Release|Any CPU = Release|Any CPU
	EndGlobalSection
	GlobalSection(ProjectConfigurationPlatforms) = postSolution
		{B151797A-C3A2-4571-909D-04EDCD3CDF27}.Debug|Any CPU.ActiveCfg = Debug|Any CPU
		{B151797A-C3A2-4571-909D-04EDCD3CDF27}.Debug|Any CPU.Build.0 = Debug|Any CPU
		{B151797A-C3A2-4571-909D-04EDCD3CDF27}.Release|Any CPU.ActiveCfg = Release|Any CPU
		{B151797A-C3A2-4571-909D-04EDCD3CDF27}.Release|Any CPU.Build.0 = Release|Any CPU
	EndGlobalSection
	GlobalSection(SolutionProperties) = preSolution
		HideSolutionNode = FALSE
	EndGlobalSection
	GlobalSection(ExtensibilityGlobals) = postSolution
		SolutionGuid = {10194C77-61CA-49CE-967B-5A2916955E6A}
	EndGlobalSection
EndGlobal
